# This file was autogenerated by Stack.
# You should not edit this file by hand.
# For more information, please see the documentation at:
#   https://docs.haskellstack.org/en/stable/topics/lock_files

packages: []
snapshots:
- completed:
    sha256: c690c1194a825f2fb5069703e586759791384ac918494d035c02a52a0d085023
    size: 678155
    url: https://raw.githubusercontent.com/commercialhaskell/stackage-snapshots/master/nightly/2025/5/10.yaml
  original: nightly-2025-05-10
